
Microsoft Visual Studio Solution File, Format Version 12.00
# Visual Studio Version 16
VisualStudioVersion = 16.0.31205.134
MinimumVisualStudioVersion = 10.0.40219.1
Project("{9A19103F-16F7-4668-BE54-9A1E7A4F7556}") = "Worklypc", "Worklypc\Worklypc.csproj", "{C264FC2D-9DC4-4CC6-9DCE-C582BB7B7464}"
EndProject
Global
	GlobalSection(SolutionConfigurationPlatforms) = preSolution
		Debug|Any CPU = Debug|Any CPU
		Release|Any CPU = Release|Any CPU
	EndGlobalSection
	GlobalSection(ProjectConfigurationPlatforms) = postSolution
		{C264FC2D-9DC4-4CC6-9DCE-C582BB7B7464}.Debug|Any CPU.ActiveCfg = Debug|Any CPU
		{C264FC2D-9DC4-4CC6-9DCE-C582BB7B7464}.Debug|Any CPU.Build.0 = Debug|Any CPU
		{C264FC2D-9DC4-4CC6-9DCE-C582BB7B7464}.Release|Any CPU.ActiveCfg = Release|Any CPU
		{C264FC2D-9DC4-4CC6-9DCE-C582BB7B7464}.Release|Any CPU.Build.0 = Release|Any CPU
	EndGlobalSection
	GlobalSection(SolutionProperties) = preSolution
		HideSolutionNode = FALSE
	EndGlobalSection
	GlobalSection(ExtensibilityGlobals) = postSolution
		SolutionGuid = {80013782-B572-4571-BC85-56F9961C18BC}
	EndGlobalSection
EndGlobal
